
Microsoft Visual Studio Solution File, Format Version 12.00
# Visual Studio 15
VisualStudioVersion = 15.0.28010.2036
MinimumVisualStudioVersion = 10.0.40219.1
Project("{FAE04EC0-301F-11D3-BF4B-00C04F79EFBC}") = "Mark_3", "Mark_3\Mark_3.csproj", "{5DAEA87A-3C7D-4FDF-B251-3B1BAAB4CFC8}"
EndProject
Project("{FAE04EC0-301F-11D3-BF4B-00C04F79EFBC}") = "Mark_4", "Mark_4\Mark_4.csproj", "{B3DEEA12-4377-4D66-9385-66A68A6D5D9B}"
EndProject
Global
	GlobalSection(SolutionConfigurationPlatforms) = preSolution
		Debug|Any CPU = Debug|Any CPU
		Release|Any CPU = Release|Any CPU
	EndGlobalSection
	GlobalSection(ProjectConfigurationPlatforms) = postSolution
		{5DAEA87A-3C7D-4FDF-B251-3B1BAAB4CFC8}.Debug|Any CPU.ActiveCfg = Debug|Any CPU
		{5DAEA87A-3C7D-4FDF-B251-3B1BAAB4CFC8}.Debug|Any CPU.Build.0 = Debug|Any CPU
		{5DAEA87A-3C7D-4FDF-B251-3B1BAAB4CFC8}.Release|Any CPU.ActiveCfg = Release|Any CPU
		{5DAEA87A-3C7D-4FDF-B251-3B1BAAB4CFC8}.Release|Any CPU.Build.0 = Release|Any CPU
		{B3DEEA12-4377-4D66-9385-66A68A6D5D9B}.Debug|Any CPU.ActiveCfg = Debug|Any CPU
		{B3DEEA12-4377-4D66-9385-66A68A6D5D9B}.Debug|Any CPU.Build.0 = Debug|Any CPU
		{B3DEEA12-4377-4D66-9385-66A68A6D5D9B}.Release|Any CPU.ActiveCfg = Release|Any CPU
		{B3DEEA12-4377-4D66-9385-66A68A6D5D9B}.Release|Any CPU.Build.0 = Release|Any CPU
	EndGlobalSection
	GlobalSection(SolutionProperties) = preSolution
		HideSolutionNode = FALSE
	EndGlobalSection
	GlobalSection(ExtensibilityGlobals) = postSolution
		SolutionGuid = {D80FA363-1349-4490-8EBC-AE9FBCC82C4A}
	EndGlobalSection
EndGlobal
